{
  "name": "Red-Line-eShop",
  "lockfileVersion": 3,
  "requires": true,
  "packages": {
    "": {
      "dependencies": {
        "@stripe/stripe-js": "^2.0.0"
      }
    },
    "node_modules/@stripe/stripe-js": {
      "version": "2.0.0",
      "resolved": "https://registry.npmjs.org/@stripe/stripe-js/-/stripe-js-2.0.0.tgz",
      "integrity": "sha512-SxZnf192En0uAfgbigUIj7oJYaXgGc5AI1aos59YXvO8DPeLI0AtT4oMg/Wuk17wbpquEv73+akyCe7xdEjGlA=="
    }
  }
}
